{
  "name": "@miqro/request",
  "version": "0.0.9",
  "lockfileVersion": 2,
  "requires": true,
  "packages": {
    "": {
      "name": "@miqro/request",
      "version": "0.0.9",
      "license": "ISC",
      "devDependencies": {
        "@miqro/test": "0.2.1",
        "@types/node": "17.0.23",
        "typescript": "4.6.4"
      }
    },
    "../core": {
      "version": "2.0.0",
      "extraneous": true,
      "license": "ISC",
      "dependencies": {
        "cookie": "0.4.1",
        "uuid": "8.3.2"
      },
      "devDependencies": {
        "@miqro/test": "../test",
        "@types/cookie": "^0.4.1",
        "@types/node": "16.7.10",
        "@types/uuid": "8.3.4",
        "typescript": "4.5.4"
      },
      "engines": {
        "node": ">=16.0.0",
        "npm": ">=6.0.0"
      }
    },
    "../test": {
      "version": "0.2.0",
      "extraneous": true,
      "license": "ISC",
      "bin": {
        "miqro-test": "dist/cli.js",
        "test": "dist/cli.js"
      },
      "devDependencies": {
        "@types/node": "17.0.23",
        "typescript": "4.6.3"
      }
    },
    "../test-http": {
      "version": "1.0.0",
      "extraneous": true,
      "license": "ISC",
      "dependencies": {
        "@miqro/cli-util": "../cli-util",
        "@miqro/request": "../request",
        "uuid": "^8.3.2"
      },
      "bin": {
        "miqro-test": "dist/cli.js",
        "test": "dist/cli.js"
      },
      "devDependencies": {
        "@types/node": "^17.0.8",
        "@types/uuid": "^8.3.4",
        "typescript": "^4.5.4"
      }
    },
    "node_modules/@miqro/test": {
      "version": "0.2.1",
      "resolved": "https://registry.npmjs.org/@miqro/test/-/test-0.2.1.tgz",
      "integrity": "sha512-JuyvUFjIU937Cp9/2Dl2YcW80V0VDdeu0n0FKx0ulb0MgPJznsr7LuwtGxuIFNDboDL0ZpPPyUUgegbVN8cBDg==",
      "dev": true,
      "bin": {
        "miqro-test": "dist/cli.js",
        "test": "dist/cli.js"
      }
    },
    "node_modules/@types/node": {
      "version": "17.0.23",
      "resolved": "https://registry.npmjs.org/@types/node/-/node-17.0.23.tgz",
      "integrity": "sha512-UxDxWn7dl97rKVeVS61vErvw086aCYhDLyvRQZ5Rk65rZKepaFdm53GeqXaKBuOhED4e9uWq34IC3TdSdJJ2Gw==",
      "dev": true
    },
    "node_modules/typescript": {
      "version": "4.6.4",
      "resolved": "https://registry.npmjs.org/typescript/-/typescript-4.6.4.tgz",
      "integrity": "sha512-9ia/jWHIEbo49HfjrLGfKbZSuWo9iTMwXO+Ca3pRsSpbsMbc7/IU8NKdCZVRRBafVPGnoJeFL76ZOAA84I9fEg==",
      "dev": true,
      "bin": {
        "tsc": "bin/tsc",
        "tsserver": "bin/tsserver"
      },
      "engines": {
        "node": ">=4.2.0"
      }
    }
  },
  "dependencies": {
    "@miqro/test": {
      "version": "0.2.1",
      "resolved": "https://registry.npmjs.org/@miqro/test/-/test-0.2.1.tgz",
      "integrity": "sha512-JuyvUFjIU937Cp9/2Dl2YcW80V0VDdeu0n0FKx0ulb0MgPJznsr7LuwtGxuIFNDboDL0ZpPPyUUgegbVN8cBDg==",
      "dev": true
    },
    "@types/node": {
      "version": "17.0.23",
      "resolved": "https://registry.npmjs.org/@types/node/-/node-17.0.23.tgz",
      "integrity": "sha512-UxDxWn7dl97rKVeVS61vErvw086aCYhDLyvRQZ5Rk65rZKepaFdm53GeqXaKBuOhED4e9uWq34IC3TdSdJJ2Gw==",
      "dev": true
    },
    "typescript": {
      "version": "4.6.4",
      "resolved": "https://registry.npmjs.org/typescript/-/typescript-4.6.4.tgz",
      "integrity": "sha512-9ia/jWHIEbo49HfjrLGfKbZSuWo9iTMwXO+Ca3pRsSpbsMbc7/IU8NKdCZVRRBafVPGnoJeFL76ZOAA84I9fEg==",
      "dev": true
    }
  }
}
